{
  "name": "reactLesson67up",
  "lockfileVersion": 2,
  "requires": true,
  "packages": {
    "": {
      "dependencies": {
        "mobx": "^6.1.7"
      }
    },
    "node_modules/mobx": {
      "version": "6.1.7",
      "resolved": "https://registry.npmjs.org/mobx/-/mobx-6.1.7.tgz",
      "integrity": "sha512-2iIgg2o0jd/bWAK/9KHJ1uwKHGowKyaTUM4qarJ0qGdLskYcB3sJevjjV7t7jW0WVjItz6BBlPNiZ14oHTpvMg==",
      "funding": {
        "type": "opencollective",
        "url": "https://opencollective.com/mobx"
      }
    }
  },
  "dependencies": {
    "mobx": {
      "version": "6.1.7",
      "resolved": "https://registry.npmjs.org/mobx/-/mobx-6.1.7.tgz",
      "integrity": "sha512-2iIgg2o0jd/bWAK/9KHJ1uwKHGowKyaTUM4qarJ0qGdLskYcB3sJevjjV7t7jW0WVjItz6BBlPNiZ14oHTpvMg=="
    }
  }
}
